
Microsoft Visual Studio Solution File, Format Version 12.00
# Visual Studio Version 17
VisualStudioVersion = 17.2.32630.192
MinimumVisualStudioVersion = 10.0.40219.1
Project("{FAE04EC0-301F-11D3-BF4B-00C04F79EFBC}") = "ApproximatePI", "ApproximatePI\ApproximatePI.csproj", "{BD37B300-E541-4894-BCB0-7DB565B88C4C}"
EndProject
Global
	GlobalSection(SolutionConfigurationPlatforms) = preSolution
		Debug|Any CPU = Debug|Any CPU
		Release|Any CPU = Release|Any CPU
	EndGlobalSection
	GlobalSection(ProjectConfigurationPlatforms) = postSolution
		{BD37B300-E541-4894-BCB0-7DB565B88C4C}.Debug|Any CPU.ActiveCfg = Debug|Any CPU
		{BD37B300-E541-4894-BCB0-7DB565B88C4C}.Debug|Any CPU.Build.0 = Debug|Any CPU
		{BD37B300-E541-4894-BCB0-7DB565B88C4C}.Release|Any CPU.ActiveCfg = Release|Any CPU
		{BD37B300-E541-4894-BCB0-7DB565B88C4C}.Release|Any CPU.Build.0 = Release|Any CPU
	EndGlobalSection
	GlobalSection(SolutionProperties) = preSolution
		HideSolutionNode = FALSE
	EndGlobalSection
	GlobalSection(ExtensibilityGlobals) = postSolution
		SolutionGuid = {83116B3A-D2AB-448E-B58D-A08AC035B59B}
	EndGlobalSection
EndGlobal
