
Microsoft Visual Studio Solution File, Format Version 12.00
# Visual Studio Version 17
VisualStudioVersion = 17.3.32804.467
MinimumVisualStudioVersion = 10.0.40219.1
Project("{FAE04EC0-301F-11D3-BF4B-00C04F79EFBC}") = "MethodStub", "MethodStub\MethodStub.csproj", "{7BE651A7-E655-4DD9-AF0D-8D1646707F82}"
EndProject
Global
	GlobalSection(SolutionConfigurationPlatforms) = preSolution
		Debug|Any CPU = Debug|Any CPU
		Release|Any CPU = Release|Any CPU
	EndGlobalSection
	GlobalSection(ProjectConfigurationPlatforms) = postSolution
		{7BE651A7-E655-4DD9-AF0D-8D1646707F82}.Debug|Any CPU.ActiveCfg = Debug|Any CPU
		{7BE651A7-E655-4DD9-AF0D-8D1646707F82}.Debug|Any CPU.Build.0 = Debug|Any CPU
		{7BE651A7-E655-4DD9-AF0D-8D1646707F82}.Release|Any CPU.ActiveCfg = Release|Any CPU
		{7BE651A7-E655-4DD9-AF0D-8D1646707F82}.Release|Any CPU.Build.0 = Release|Any CPU
	EndGlobalSection
	GlobalSection(SolutionProperties) = preSolution
		HideSolutionNode = FALSE
	EndGlobalSection
	GlobalSection(ExtensibilityGlobals) = postSolution
		SolutionGuid = {D50B8947-519E-4836-ACF0-47BBDD3DB3D7}
	EndGlobalSection
EndGlobal
